{
  "name": "curl",
  "version": "1.0.0",
  "lockfileVersion": 2,
  "requires": true,
  "packages": {
    "": {
      "name": "curl",
      "version": "1.0.0",
      "license": "ISC",
      "dependencies": {
        "@actions/core": "^1.10.0",
        "@types/js-yaml": "^4.0.5",
        "axios": "^0.26.1",
        "axios-retry": "^3.2.4",
        "fs": "0.0.1-security",
        "js-yaml": "^4.1.0",
        "retry-axios": "^2.6.0"
      },
      "devDependencies": {
        "@types/node": "^16.11.7",
        "typescript": "^3.7.7"
      }
    },
    "node_modules/@actions/core": {
      "version": "1.10.0",
      "resolved": "https://registry.npmjs.org/@actions/core/-/core-1.10.0.tgz",
      "integrity": "sha512-2aZDDa3zrrZbP5ZYg159sNoLRb61nQ7awl5pSvIq5Qpj81vwDzdMRKzkWJGJuwVvWpvZKx7vspJALyvaaIQyug==",
      "dependencies": {
        "@actions/http-client": "^2.0.1",
        "uuid": "^8.3.2"
      }
    },
    "node_modules/@actions/http-client": {
      "version": "2.1.0",
      "resolved": "https://registry.npmjs.org/@actions/http-client/-/http-client-2.1.0.tgz",
      "integrity": "sha512-BonhODnXr3amchh4qkmjPMUO8mFi/zLaaCeCAJZqch8iQqyDnVIkySjB38VHAC8IJ+bnlgfOqlhpyCUZHlQsqw==",
      "dependencies": {
        "tunnel": "^0.0.6"
      }
    },
    "node_modules/@babel/runtime": {
      "version": "7.17.8",
      "resolved": "https://registry.npmjs.org/@babel/runtime/-/runtime-7.17.8.tgz",
      "integrity": "sha512-dQpEpK0O9o6lj6oPu0gRDbbnk+4LeHlNcBpspf6Olzt3GIX4P1lWF1gS+pHLDFlaJvbR6q7jCfQ08zA4QJBnmA==",
      "dependencies": {
        "regenerator-runtime": "^0.13.4"
      },
      "engines": {
        "node": ">=6.9.0"
      }
    },
    "node_modules/@types/js-yaml": {
      "version": "4.0.5",
      "resolved": "https://registry.npmjs.org/@types/js-yaml/-/js-yaml-4.0.5.tgz",
      "integrity": "sha512-FhpRzf927MNQdRZP0J5DLIdTXhjLYzeUTmLAu69mnVksLH9CJY3IuSeEgbKUki7GQZm0WqDkGzyxju2EZGD2wA=="
    },
    "node_modules/@types/node": {
      "version": "16.18.31",
      "resolved": "https://registry.npmjs.org/@types/node/-/node-16.18.31.tgz",
      "integrity": "sha512-KPXltf4z4g517OlVJO9XQ2357CYw7fvuJ3ZuBynjXC5Jos9i+K7LvFb7bUIwtJXSZj0vTp9Q6NJBSQpkwwO8Zw==",
      "dev": true
    },
    "node_modules/argparse": {
      "version": "2.0.1",
      "resolved": "https://registry.npmjs.org/argparse/-/argparse-2.0.1.tgz",
      "integrity": "sha512-8+9WqebbFzpX9OR+Wa6O29asIogeRMzcGtAINdpMHHyAg10f05aSFVBbcEqGf/PXw1EjAZ+q2/bEBg3DvurK3Q=="
    },
    "node_modules/axios": {
      "version": "0.26.1",
      "resolved": "https://registry.npmjs.org/axios/-/axios-0.26.1.tgz",
      "integrity": "sha512-fPwcX4EvnSHuInCMItEhAGnaSEXRBjtzh9fOtsE6E1G6p7vl7edEeZe11QHf18+6+9gR5PbKV/sGKNaD8YaMeA==",
      "dependencies": {
        "follow-redirects": "^1.14.8"
      }
    },
    "node_modules/axios-retry": {
      "version": "3.2.4",
      "resolved": "https://registry.npmjs.org/axios-retry/-/axios-retry-3.2.4.tgz",
      "integrity": "sha512-Co3UXiv4npi6lM963mfnuH90/YFLKWWDmoBYfxkHT5xtkSSWNqK9zdG3fw5/CP/dsoKB5aMMJCsgab+tp1OxLQ==",
      "dependencies": {
        "@babel/runtime": "^7.15.4",
        "is-retry-allowed": "^2.2.0"
      }
    },
    "node_modules/follow-redirects": {
      "version": "1.14.9",
      "resolved": "https://registry.npmjs.org/follow-redirects/-/follow-redirects-1.14.9.tgz",
      "integrity": "sha512-MQDfihBQYMcyy5dhRDJUHcw7lb2Pv/TuE6xP1vyraLukNDHKbDxDNaOE3NbCAdKQApno+GPRyo1YAp89yCjK4w==",
      "funding": [
        {
          "type": "individual",
          "url": "https://github.com/sponsors/RubenVerborgh"
        }
      ],
      "engines": {
        "node": ">=4.0"
      },
      "peerDependenciesMeta": {
        "debug": {
          "optional": true
        }
      }
    },
    "node_modules/fs": {
      "version": "0.0.1-security",
      "resolved": "https://registry.npmjs.org/fs/-/fs-0.0.1-security.tgz",
      "integrity": "sha1-invTcYa23d84E/I4WLV+yq9eQdQ="
    },
    "node_modules/is-retry-allowed": {
      "version": "2.2.0",
      "resolved": "https://registry.npmjs.org/is-retry-allowed/-/is-retry-allowed-2.2.0.tgz",
      "integrity": "sha512-XVm7LOeLpTW4jV19QSH38vkswxoLud8sQ57YwJVTPWdiaI9I8keEhGFpBlslyVsgdQy4Opg8QOLb8YRgsyZiQg==",
      "engines": {
        "node": ">=10"
      },
      "funding": {
        "url": "https://github.com/sponsors/sindresorhus"
      }
    },
    "node_modules/js-yaml": {
      "version": "4.1.0",
      "resolved": "https://registry.npmjs.org/js-yaml/-/js-yaml-4.1.0.tgz",
      "integrity": "sha512-wpxZs9NoxZaJESJGIZTyDEaYpl0FKSA+FB9aJiyemKhMwkxQg63h4T1KJgUGHpTqPDNRcmmYLugrRjJlBtWvRA==",
      "dependencies": {
        "argparse": "^2.0.1"
      },
      "bin": {
        "js-yaml": "bin/js-yaml.js"
      }
    },
    "node_modules/regenerator-runtime": {
      "version": "0.13.9",
      "resolved": "https://registry.npmjs.org/regenerator-runtime/-/regenerator-runtime-0.13.9.tgz",
      "integrity": "sha512-p3VT+cOEgxFsRRA9X4lkI1E+k2/CtnKtU4gcxyaCUreilL/vqI6CdZ3wxVUx3UOUg+gnUOQQcRI7BmSI656MYA=="
    },
    "node_modules/retry-axios": {
      "version": "2.6.0",
      "resolved": "https://registry.npmjs.org/retry-axios/-/retry-axios-2.6.0.tgz",
      "integrity": "sha512-pOLi+Gdll3JekwuFjXO3fTq+L9lzMQGcSq7M5gIjExcl3Gu1hd4XXuf5o3+LuSBsaULQH7DiNbsqPd1chVpQGQ==",
      "engines": {
        "node": ">=10.7.0"
      },
      "peerDependencies": {
        "axios": "*"
      }
    },
    "node_modules/tunnel": {
      "version": "0.0.6",
      "resolved": "https://registry.npmjs.org/tunnel/-/tunnel-0.0.6.tgz",
      "integrity": "sha512-1h/Lnq9yajKY2PEbBadPXj3VxsDDu844OnaAo52UVmIzIvwwtBPIuNvkjuzBlTWpfJyUbG3ez0KSBibQkj4ojg==",
      "engines": {
        "node": ">=0.6.11 <=0.7.0 || >=0.7.3"
      }
    },
    "node_modules/typescript": {
      "version": "3.9.10",
      "resolved": "https://registry.npmjs.org/typescript/-/typescript-3.9.10.tgz",
      "integrity": "sha512-w6fIxVE/H1PkLKcCPsFqKE7Kv7QUwhU8qQY2MueZXWx5cPZdwFupLgKK3vntcK98BtNHZtAF4LA/yl2a7k8R6Q==",
      "dev": true,
      "bin": {
        "tsc": "bin/tsc",
        "tsserver": "bin/tsserver"
      },
      "engines": {
        "node": ">=4.2.0"
      }
    },
    "node_modules/uuid": {
      "version": "8.3.2",
      "resolved": "https://registry.npmjs.org/uuid/-/uuid-8.3.2.tgz",
      "integrity": "sha512-+NYs2QeMWy+GWFOEm9xnn6HCDp0l7QBD7ml8zLUmJ+93Q5NF0NocErnwkTkXVFNiX3/fpC6afS8Dhb/gz7R7eg==",
      "bin": {
        "uuid": "dist/bin/uuid"
      }
    }
  },
  "dependencies": {
    "@actions/core": {
      "version": "1.10.0",
      "resolved": "https://registry.npmjs.org/@actions/core/-/core-1.10.0.tgz",
      "integrity": "sha512-2aZDDa3zrrZbP5ZYg159sNoLRb61nQ7awl5pSvIq5Qpj81vwDzdMRKzkWJGJuwVvWpvZKx7vspJALyvaaIQyug==",
      "requires": {
        "@actions/http-client": "^2.0.1",
        "uuid": "^8.3.2"
      }
    },
    "@actions/http-client": {
      "version": "2.1.0",
      "resolved": "https://registry.npmjs.org/@actions/http-client/-/http-client-2.1.0.tgz",
      "integrity": "sha512-BonhODnXr3amchh4qkmjPMUO8mFi/zLaaCeCAJZqch8iQqyDnVIkySjB38VHAC8IJ+bnlgfOqlhpyCUZHlQsqw==",
      "requires": {
        "tunnel": "^0.0.6"
      }
    },
    "@babel/runtime": {
      "version": "7.17.8",
      "resolved": "https://registry.npmjs.org/@babel/runtime/-/runtime-7.17.8.tgz",
      "integrity": "sha512-dQpEpK0O9o6lj6oPu0gRDbbnk+4LeHlNcBpspf6Olzt3GIX4P1lWF1gS+pHLDFlaJvbR6q7jCfQ08zA4QJBnmA==",
      "requires": {
        "regenerator-runtime": "^0.13.4"
      }
    },
    "@types/js-yaml": {
      "version": "4.0.5",
      "resolved": "https://registry.npmjs.org/@types/js-yaml/-/js-yaml-4.0.5.tgz",
      "integrity": "sha512-FhpRzf927MNQdRZP0J5DLIdTXhjLYzeUTmLAu69mnVksLH9CJY3IuSeEgbKUki7GQZm0WqDkGzyxju2EZGD2wA=="
    },
    "@types/node": {
      "version": "16.18.31",
      "resolved": "https://registry.npmjs.org/@types/node/-/node-16.18.31.tgz",
      "integrity": "sha512-KPXltf4z4g517OlVJO9XQ2357CYw7fvuJ3ZuBynjXC5Jos9i+K7LvFb7bUIwtJXSZj0vTp9Q6NJBSQpkwwO8Zw==",
      "dev": true
    },
    "argparse": {
      "version": "2.0.1",
      "resolved": "https://registry.npmjs.org/argparse/-/argparse-2.0.1.tgz",
      "integrity": "sha512-8+9WqebbFzpX9OR+Wa6O29asIogeRMzcGtAINdpMHHyAg10f05aSFVBbcEqGf/PXw1EjAZ+q2/bEBg3DvurK3Q=="
    },
    "axios": {
      "version": "0.26.1",
      "resolved": "https://registry.npmjs.org/axios/-/axios-0.26.1.tgz",
      "integrity": "sha512-fPwcX4EvnSHuInCMItEhAGnaSEXRBjtzh9fOtsE6E1G6p7vl7edEeZe11QHf18+6+9gR5PbKV/sGKNaD8YaMeA==",
      "requires": {
        "follow-redirects": "^1.14.8"
      }
    },
    "axios-retry": {
      "version": "3.2.4",
      "resolved": "https://registry.npmjs.org/axios-retry/-/axios-retry-3.2.4.tgz",
      "integrity": "sha512-Co3UXiv4npi6lM963mfnuH90/YFLKWWDmoBYfxkHT5xtkSSWNqK9zdG3fw5/CP/dsoKB5aMMJCsgab+tp1OxLQ==",
      "requires": {
        "@babel/runtime": "^7.15.4",
        "is-retry-allowed": "^2.2.0"
      }
    },
    "follow-redirects": {
      "version": "1.14.9",
      "resolved": "https://registry.npmjs.org/follow-redirects/-/follow-redirects-1.14.9.tgz",
      "integrity": "sha512-MQDfihBQYMcyy5dhRDJUHcw7lb2Pv/TuE6xP1vyraLukNDHKbDxDNaOE3NbCAdKQApno+GPRyo1YAp89yCjK4w=="
    },
    "fs": {
      "version": "0.0.1-security",
      "resolved": "https://registry.npmjs.org/fs/-/fs-0.0.1-security.tgz",
      "integrity": "sha1-invTcYa23d84E/I4WLV+yq9eQdQ="
    },
    "is-retry-allowed": {
      "version": "2.2.0",
      "resolved": "https://registry.npmjs.org/is-retry-allowed/-/is-retry-allowed-2.2.0.tgz",
      "integrity": "sha512-XVm7LOeLpTW4jV19QSH38vkswxoLud8sQ57YwJVTPWdiaI9I8keEhGFpBlslyVsgdQy4Opg8QOLb8YRgsyZiQg=="
    },
    "js-yaml": {
      "version": "4.1.0",
      "resolved": "https://registry.npmjs.org/js-yaml/-/js-yaml-4.1.0.tgz",
      "integrity": "sha512-wpxZs9NoxZaJESJGIZTyDEaYpl0FKSA+FB9aJiyemKhMwkxQg63h4T1KJgUGHpTqPDNRcmmYLugrRjJlBtWvRA==",
      "requires": {
        "argparse": "^2.0.1"
      }
    },
    "regenerator-runtime": {
      "version": "0.13.9",
      "resolved": "https://registry.npmjs.org/regenerator-runtime/-/regenerator-runtime-0.13.9.tgz",
      "integrity": "sha512-p3VT+cOEgxFsRRA9X4lkI1E+k2/CtnKtU4gcxyaCUreilL/vqI6CdZ3wxVUx3UOUg+gnUOQQcRI7BmSI656MYA=="
    },
    "retry-axios": {
      "version": "2.6.0",
      "resolved": "https://registry.npmjs.org/retry-axios/-/retry-axios-2.6.0.tgz",
      "integrity": "sha512-pOLi+Gdll3JekwuFjXO3fTq+L9lzMQGcSq7M5gIjExcl3Gu1hd4XXuf5o3+LuSBsaULQH7DiNbsqPd1chVpQGQ==",
      "requires": {}
    },
    "tunnel": {
      "version": "0.0.6",
      "resolved": "https://registry.npmjs.org/tunnel/-/tunnel-0.0.6.tgz",
      "integrity": "sha512-1h/Lnq9yajKY2PEbBadPXj3VxsDDu844OnaAo52UVmIzIvwwtBPIuNvkjuzBlTWpfJyUbG3ez0KSBibQkj4ojg=="
    },
    "typescript": {
      "version": "3.9.10",
      "resolved": "https://registry.npmjs.org/typescript/-/typescript-3.9.10.tgz",
      "integrity": "sha512-w6fIxVE/H1PkLKcCPsFqKE7Kv7QUwhU8qQY2MueZXWx5cPZdwFupLgKK3vntcK98BtNHZtAF4LA/yl2a7k8R6Q==",
      "dev": true
    },
    "uuid": {
      "version": "8.3.2",
      "resolved": "https://registry.npmjs.org/uuid/-/uuid-8.3.2.tgz",
      "integrity": "sha512-+NYs2QeMWy+GWFOEm9xnn6HCDp0l7QBD7ml8zLUmJ+93Q5NF0NocErnwkTkXVFNiX3/fpC6afS8Dhb/gz7R7eg=="
    }
  }
}
